{
  "requires": true,
  "lockfileVersion": 1,
  "dependencies": {
    "foundation-sites": {
      "version": "6.7.3",
      "resolved": "https://registry.npmjs.org/foundation-sites/-/foundation-sites-6.7.3.tgz",
      "integrity": "sha512-HgQA6iUQTEkRSeNwiRQH2PvTXkXGBfBpRS6CTm2auhKpyU4Tea7so3IPKrazSciE7nyv1Vp9WNKdH9fBPLbGeA=="
    }
  }
}
